
Microsoft Visual Studio Solution File, Format Version 12.00
# Visual Studio Version 17
VisualStudioVersion = 17.11.35222.181
MinimumVisualStudioVersion = 10.0.40219.1
Project("{FAE04EC0-301F-11D3-BF4B-00C04F79EFBC}") = "ChampionsLeague", "ChampionsLeague\ChampionsLeague.csproj", "{B8C82BF2-743B-44D2-AC70-9BCE7FB0D4CB}"
EndProject
Global
	GlobalSection(SolutionConfigurationPlatforms) = preSolution
		Debug|Any CPU = Debug|Any CPU
		Release|Any CPU = Release|Any CPU
	EndGlobalSection
	GlobalSection(ProjectConfigurationPlatforms) = postSolution
		{B8C82BF2-743B-44D2-AC70-9BCE7FB0D4CB}.Debug|Any CPU.ActiveCfg = Debug|Any CPU
		{B8C82BF2-743B-44D2-AC70-9BCE7FB0D4CB}.Debug|Any CPU.Build.0 = Debug|Any CPU
		{B8C82BF2-743B-44D2-AC70-9BCE7FB0D4CB}.Release|Any CPU.ActiveCfg = Release|Any CPU
		{B8C82BF2-743B-44D2-AC70-9BCE7FB0D4CB}.Release|Any CPU.Build.0 = Release|Any CPU
	EndGlobalSection
	GlobalSection(SolutionProperties) = preSolution
		HideSolutionNode = FALSE
	EndGlobalSection
	GlobalSection(ExtensibilityGlobals) = postSolution
		SolutionGuid = {307F16D2-9B2E-49AF-865E-D17EF5AE1E9F}
	EndGlobalSection
EndGlobal
